
Microsoft Visual Studio Solution File, Format Version 12.00
# Visual Studio Version 17
VisualStudioVersion = 17.5.002.0
MinimumVisualStudioVersion = 10.0.40219.1
Project("{9A19103F-16F7-4668-BE54-9A1E7A4F7556}") = "TechSpike.GenAI.SpeechToText", "TechSpike.GenAI.SpeechToText.csproj", "{DE2B2E4B-F5AF-48DA-A529-2C015067F5AA}"
EndProject
Global
	GlobalSection(SolutionConfigurationPlatforms) = preSolution
		Debug|Any CPU = Debug|Any CPU
		Release|Any CPU = Release|Any CPU
	EndGlobalSection
	GlobalSection(ProjectConfigurationPlatforms) = postSolution
		{DE2B2E4B-F5AF-48DA-A529-2C015067F5AA}.Debug|Any CPU.ActiveCfg = Debug|Any CPU
		{DE2B2E4B-F5AF-48DA-A529-2C015067F5AA}.Debug|Any CPU.Build.0 = Debug|Any CPU
		{DE2B2E4B-F5AF-48DA-A529-2C015067F5AA}.Release|Any CPU.ActiveCfg = Release|Any CPU
		{DE2B2E4B-F5AF-48DA-A529-2C015067F5AA}.Release|Any CPU.Build.0 = Release|Any CPU
	EndGlobalSection
	GlobalSection(SolutionProperties) = preSolution
		HideSolutionNode = FALSE
	EndGlobalSection
	GlobalSection(ExtensibilityGlobals) = postSolution
		SolutionGuid = {A6388D8A-1536-4D31-B7AD-CB7067366E5C}
	EndGlobalSection
EndGlobal
